// !$*UTF8*$!
{
	archiveVersion = 1;
	classes = {
	};
	objectVersion = 51;
	objects = {

/* Begin PBXBuildFile section */
		AAAAFC809C50B9F4E647CE48 /* Pods_Parstagram.framework in Frameworks */ = {isa = PBXBuildFile; fileRef = 0966373C8BD630EBDF14FDA3 /* Pods_Parstagram.framework */; };
		B282948FD60CE6D642998502 /* Pods_ParstagramTests.framework in Frameworks */ = {isa = PBXBuildFile; fileRef = C0BC4882B868B4C6A7239D84 /* Pods_ParstagramTests.framework */; };
		D9C6BB4F26094354008EC12B /* AppDelegate.swift in Sources */ = {isa = PBXBuildFile; fileRef = D9C6BB4E26094354008EC12B /* AppDelegate.swift */; };
		D9C6BB5126094354008EC12B /* SceneDelegate.swift in Sources */ = {isa = PBXBuildFile; fileRef = D9C6BB5026094354008EC12B /* SceneDelegate.swift */; };
		D9C6BB5626094354008EC12B /* Main.storyboard in Resources */ = {isa = PBXBuildFile; fileRef = D9C6BB5426094354008EC12B /* Main.storyboard */; };
		D9C6BB5826094355008EC12B /* Assets.xcassets in Resources */ = {isa = PBXBuildFile; fileRef = D9C6BB5726094355008EC12B /* Assets.xcassets */; };
		D9C6BB5B26094355008EC12B /* LaunchScreen.storyboard in Resources */ = {isa = PBXBuildFile; fileRef = D9C6BB5926094355008EC12B /* LaunchScreen.storyboard */; };
		D9C6BB6626094356008EC12B /* ParstagramTests.swift in Sources */ = {isa = PBXBuildFile; fileRef = D9C6BB6526094356008EC12B /* ParstagramTests.swift */; };
		D9C6BB7126094356008EC12B /* ParstagramUITests.swift in Sources */ = {isa = PBXBuildFile; fileRef = D9C6BB7026094356008EC12B /* ParstagramUITests.swift */; };
		D9C6BB9126095C25008EC12B /* LoginViewController.swift in Sources */ = {isa = PBXBuildFile; fileRef = D9C6BB9026095C25008EC12B /* LoginViewController.swift */; };
		D9C6BB9626095C32008EC12B /* FeedViewController.swift in Sources */ = {isa = PBXBuildFile; fileRef = D9C6BB9526095C32008EC12B /* FeedViewController.swift */; };
		D9C6BB9B26096B51008EC12B /* CameraViewController.swift in Sources */ = {isa = PBXBuildFile; fileRef = D9C6BB9A26096B51008EC12B /* CameraViewController.swift */; };
		D9C6BBAB260BB8BA008EC12B /* PostCell.swift in Sources */ = {isa = PBXBuildFile; fileRef = D9C6BBAA260BB8BA008EC12B /* PostCell.swift */; };
		DAE88715BF2834D04654F4E0 /* Pods_Parstagram_ParstagramUITests.framework in Frameworks */ = {isa = PBXBuildFile; fileRef = 9661302B4C6E3163EAA0E6FD /* Pods_Parstagram_ParstagramUITests.framework */; };
/* End PBXBuildFile section */

/* Begin PBXContainerItemProxy section */
		D9C6BB6226094356008EC12B /* PBXContainerItemProxy */ = {
			isa = PBXContainerItemProxy;
			containerPortal = D9C6BB4326094354008EC12B /* Project object */;
			proxyType = 1;
			remoteGlobalIDString = D9C6BB4A26094354008EC12B;
			remoteInfo = Parstagram;
		};
		D9C6BB6D26094356008EC12B /* PBXContainerItemProxy */ = {
			isa = PBXContainerItemProxy;
			containerPortal = D9C6BB4326094354008EC12B /* Project object */;
			proxyType = 1;
			remoteGlobalIDString = D9C6BB4A26094354008EC12B;
			remoteInfo = Parstagram;
		};
/* End PBXContainerItemProxy section */

/* Begin PBXFileReference section */
		0966373C8BD630EBDF14FDA3 /* Pods_Parstagram.framework */ = {isa = PBXFileReference; explicitFileType = wrapper.framework; includeInIndex = 0; path = Pods_Parstagram.framework; sourceTree = BUILT_PRODUCTS_DIR; };
		3F6D47C2D29588DBE6725D45 /* Pods-Parstagram-ParstagramUITests.debug.xcconfig */ = {isa = PBXFileReference; includeInIndex = 1; lastKnownFileType = text.xcconfig; name = "Pods-Parstagram-ParstagramUITests.debug.xcconfig"; path = "Target Support Files/Pods-Parstagram-ParstagramUITests/Pods-Parstagram-ParstagramUITests.debug.xcconfig"; sourceTree = "<group>"; };
		4A81A7B18DB065CD71266287 /* Pods-Parstagram.debug.xcconfig */ = {isa = PBXFileReference; includeInIndex = 1; lastKnownFileType = text.xcconfig; name = "Pods-Parstagram.debug.xcconfig"; path = "Target Support Files/Pods-Parstagram/Pods-Parstagram.debug.xcconfig"; sourceTree = "<group>"; };
		67281E97D383741DD59C106F /* Pods-Parstagram-ParstagramUITests.release.xcconfig */ = {isa = PBXFileReference; includeInIndex = 1; lastKnownFileType = text.xcconfig; name = "Pods-Parstagram-ParstagramUITests.release.xcconfig"; path = "Target Support Files/Pods-Parstagram-ParstagramUITests/Pods-Parstagram-ParstagramUITests.release.xcconfig"; sourceTree = "<group>"; };
		878F48272D8391F223BBB147 /* Pods-ParstagramTests.release.xcconfig */ = {isa = PBXFileReference; includeInIndex = 1; lastKnownFileType = text.xcconfig; name = "Pods-ParstagramTests.release.xcconfig"; path = "Target Support Files/Pods-ParstagramTests/Pods-ParstagramTests.release.xcconfig"; sourceTree = "<group>"; };
		9661302B4C6E3163EAA0E6FD /* Pods_Parstagram_ParstagramUITests.framework */ = {isa = PBXFileReference; explicitFileType = wrapper.framework; includeInIndex = 0; path = Pods_Parstagram_ParstagramUITests.framework; sourceTree = BUILT_PRODUCTS_DIR; };
		C0BC4882B868B4C6A7239D84 /* Pods_ParstagramTests.framework */ = {isa = PBXFileReference; explicitFileType = wrapper.framework; includeInIndex = 0; path = Pods_ParstagramTests.framework; sourceTree = BUILT_PRODUCTS_DIR; };
		CF5D34C0027F3B4CE8FE3F4E /* Pods-Parstagram.release.xcconfig */ = {isa = PBXFileReference; includeInIndex = 1; lastKnownFileType = text.xcconfig; name = "Pods-Parstagram.release.xcconfig"; path = "Target Support Files/Pods-Parstagram/Pods-Parstagram.release.xcconfig"; sourceTree = "<group>"; };
		D9C6BB4B26094354008EC12B /* Parstagram.app */ = {isa = PBXFileReference; explicitFileType = wrapper.application; includeInIndex = 0; path = Parstagram.app; sourceTree = BUILT_PRODUCTS_DIR; };
		D9C6BB4E26094354008EC12B /* AppDelegate.swift */ = {isa = PBXFileReference; lastKnownFileType = sourcecode.swift; path = AppDelegate.swift; sourceTree = "<group>"; };
		D9C6BB5026094354008EC12B /* SceneDelegate.swift */ = {isa = PBXFileReference; lastKnownFileType = sourcecode.swift; path = SceneDelegate.swift; sourceTree = "<group>"; };
		D9C6BB5526094354008EC12B /* Base */ = {isa = PBXFileReference; lastKnownFileType = file.storyboard; name = Base; path = Base.lproj/Main.storyboard; sourceTree = "<group>"; };
		D9C6BB5726094355008EC12B /* Assets.xcassets */ = {isa = PBXFileReference; lastKnownFileType = folder.assetcatalog; path = Assets.xcassets; sourceTree = "<group>"; };
		D9C6BB5A26094355008EC12B /* Base */ = {isa = PBXFileReference; lastKnownFileType = file.storyboard; name = Base; path = Base.lproj/LaunchScreen.storyboard; sourceTree = "<group>"; };
		D9C6BB5C26094355008EC12B /* Info.plist */ = {isa = PBXFileReference; lastKnownFileType = text.plist.xml; path = Info.plist; sourceTree = "<group>"; };
		D9C6BB6126094356008EC12B /* ParstagramTests.xctest */ = {isa = PBXFileReference; explicitFileType = wrapper.cfbundle; includeInIndex = 0; path = ParstagramTests.xctest; sourceTree = BUILT_PRODUCTS_DIR; };
		D9C6BB6526094356008EC12B /* ParstagramTests.swift */ = {isa = PBXFileReference; lastKnownFileType = sourcecode.swift; path = ParstagramTests.swift; sourceTree = "<group>"; };
		D9C6BB6726094356008EC12B /* Info.plist */ = {isa = PBXFileReference; lastKnownFileType = text.plist.xml; path = Info.plist; sourceTree = "<group>"; };
		D9C6BB6C26094356008EC12B /* ParstagramUITests.xctest */ = {isa = PBXFileReference; explicitFileType = wrapper.cfbundle; includeInIndex = 0; path = ParstagramUITests.xctest; sourceTree = BUILT_PRODUCTS_DIR; };
		D9C6BB7026094356008EC12B /* ParstagramUITests.swift */ = {isa = PBXFileReference; lastKnownFileType = sourcecode.swift; path = ParstagramUITests.swift; sourceTree = "<group>"; };
		D9C6BB7226094356008EC12B /* Info.plist */ = {isa = PBXFileReference; lastKnownFileType = text.plist.xml; path = Info.plist; sourceTree = "<group>"; };
		D9C6BB9026095C25008EC12B /* LoginViewController.swift */ = {isa = PBXFileReference; lastKnownFileType = sourcecode.swift; path = LoginViewController.swift; sourceTree = "<group>"; };
		D9C6BB9526095C32008EC12B /* FeedViewController.swift */ = {isa = PBXFileReference; lastKnownFileType = sourcecode.swift; path = FeedViewController.swift; sourceTree = "<group>"; };
		D9C6BB9A26096B51008EC12B /* CameraViewController.swift */ = {isa = PBXFileReference; lastKnownFileType = sourcecode.swift; path = CameraViewController.swift; sourceTree = "<group>"; };
		D9C6BBAA260BB8BA008EC12B /* PostCell.swift */ = {isa = PBXFileReference; lastKnownFileType = sourcecode.swift; path = PostCell.swift; sourceTree = "<group>"; };
		DDB14AC8DE79699E981AF4D4 /* Pods-ParstagramTests.debug.xcconfig */ = {isa = PBXFileReference; includeInIndex = 1; lastKnownFileType = text.xcconfig; name = "Pods-ParstagramTests.debug.xcconfig"; path = "Target Support Files/Pods-ParstagramTests/Pods-ParstagramTests.debug.xcconfig"; sourceTree = "<group>"; };
/* End PBXFileReference section */

/* Begin PBXFrameworksBuildPhase section */
		D9C6BB4826094354008EC12B /* Frameworks */ = {
			isa = PBXFrameworksBuildPhase;
			buildActionMask = 2147483647;
			files = (
				AAAAFC809C50B9F4E647CE48 /* Pods_Parstagram.framework in Frameworks */,
			);
			runOnlyForDeploymentPostprocessing = 0;
		};
		D9C6BB5E26094356008EC12B /* Frameworks */ = {
			isa = PBXFrameworksBuildPhase;
			buildActionMask = 2147483647;
			files = (
				B282948FD60CE6D642998502 /* Pods_ParstagramTests.framework in Frameworks */,
			);
			runOnlyForDeploymentPostprocessing = 0;
		};
		D9C6BB6926094356008EC12B /* Frameworks */ = {
			isa = PBXFrameworksBuildPhase;
			buildActionMask = 2147483647;
			files = (
				DAE88715BF2834D04654F4E0 /* Pods_Parstagram_ParstagramUITests.framework in Frameworks */,
			);
			runOnlyForDeploymentPostprocessing = 0;
		};
/* End PBXFrameworksBuildPhase section */

/* Begin PBXGroup section */
		821AD75317EF27EEAF15EE08 /* Frameworks */ = {
			isa = PBXGroup;
			children = (
				0966373C8BD630EBDF14FDA3 /* Pods_Parstagram.framework */,
				9661302B4C6E3163EAA0E6FD /* Pods_Parstagram_ParstagramUITests.framework */,
				C0BC4882B868B4C6A7239D84 /* Pods_ParstagramTests.framework */,
			);
			name = Frameworks;
			sourceTree = "<group>";
		};
		961453A3B0AF3059068FC367 /* Pods */ = {
			isa = PBXGroup;
			children = (
				4A81A7B18DB065CD71266287 /* Pods-Parstagram.debug.xcconfig */,
				CF5D34C0027F3B4CE8FE3F4E /* Pods-Parstagram.release.xcconfig */,
				3F6D47C2D29588DBE6725D45 /* Pods-Parstagram-ParstagramUITests.debug.xcconfig */,
				67281E97D383741DD59C106F /* Pods-Parstagram-ParstagramUITests.release.xcconfig */,
				DDB14AC8DE79699E981AF4D4 /* Pods-ParstagramTests.debug.xcconfig */,
				878F48272D8391F223BBB147 /* Pods-ParstagramTests.release.xcconfig */,
			);
			path = Pods;
			sourceTree = "<group>";
		};
		D9C6BB4226094354008EC12B = {
			isa = PBXGroup;
			children = (
				D9C6BB4D26094354008EC12B /* Parstagram */,
				D9C6BB6426094356008EC12B /* ParstagramTests */,
				D9C6BB6F26094356008EC12B /* ParstagramUITests */,
				D9C6BB4C26094354008EC12B /* Products */,
				961453A3B0AF3059068FC367 /* Pods */,
				821AD75317EF27EEAF15EE08 /* Frameworks */,
			);
			sourceTree = "<group>";
		};
		D9C6BB4C26094354008EC12B /* Products */ = {
			isa = PBXGroup;
			children = (
				D9C6BB4B26094354008EC12B /* Parstagram.app */,
				D9C6BB6126094356008EC12B /* ParstagramTests.xctest */,
				D9C6BB6C26094356008EC12B /* ParstagramUITests.xctest */,
			);
			name = Products;
			sourceTree = "<group>";
		};
		D9C6BB4D26094354008EC12B /* Parstagram */ = {
			isa = PBXGroup;
			children = (
				D9C6BB4E26094354008EC12B /* AppDelegate.swift */,
				D9C6BB5026094354008EC12B /* SceneDelegate.swift */,
				D9C6BB5426094354008EC12B /* Main.storyboard */,
				D9C6BB5726094355008EC12B /* Assets.xcassets */,
				D9C6BB5926094355008EC12B /* LaunchScreen.storyboard */,
				D9C6BB5C26094355008EC12B /* Info.plist */,
				D9C6BB9026095C25008EC12B /* LoginViewController.swift */,
				D9C6BB9526095C32008EC12B /* FeedViewController.swift */,
				D9C6BB9A26096B51008EC12B /* CameraViewController.swift */,
				D9C6BBAA260BB8BA008EC12B /* PostCell.swift */,
			);
			path = Parstagram;
			sourceTree = "<group>";
		};
		D9C6BB6426094356008EC12B /* ParstagramTests */ = {
			isa = PBXGroup;
			children = (
				D9C6BB6526094356008EC12B /* ParstagramTests.swift */,
				D9C6BB6726094356008EC12B /* Info.plist */,
			);
			path = ParstagramTests;
			sourceTree = "<group>";
		};
		D9C6BB6F26094356008EC12B /* ParstagramUITests */ = {
			isa = PBXGroup;
			children = (
				D9C6BB7026094356008EC12B /* ParstagramUITests.swift */,
				D9C6BB7226094356008EC12B /* Info.plist */,
			);
			path = ParstagramUITests;
			sourceTree = "<group>";
		};
/* End PBXGroup section */

/* Begin PBXNativeTarget section */
		D9C6BB4A26094354008EC12B /* Parstagram */ = {
			isa = PBXNativeTarget;
			buildConfigurationList = D9C6BB7526094356008EC12B /* Build configuration list for PBXNativeTarget "Parstagram" */;
			buildPhases = (
				595A5445D542A4515ECC9DCC /* [CP] Check Pods Manifest.lock */,
				D9C6BB4726094354008EC12B /* Sources */,
				D9C6BB4826094354008EC12B /* Frameworks */,
				D9C6BB4926094354008EC12B /* Resources */,
				E2D60B3DE419F09E9FD7BC12 /* [CP] Embed Pods Frameworks */,
			);
			buildRules = (
			);
			dependencies = (
			);
			name = Parstagram;
			productName = Parstagram;
			productReference = D9C6BB4B26094354008EC12B /* Parstagram.app */;
			productType = "com.apple.product-type.application";
		};
		D9C6BB6026094356008EC12B /* ParstagramTests */ = {
			isa = PBXNativeTarget;
			buildConfigurationList = D9C6BB7826094356008EC12B /* Build configuration list for PBXNativeTarget "ParstagramTests" */;
			buildPhases = (
				0145CD1289E3E638F93858F3 /* [CP] Check Pods Manifest.lock */,
				D9C6BB5D26094356008EC12B /* Sources */,
				D9C6BB5E26094356008EC12B /* Frameworks */,
				D9C6BB5F26094356008EC12B /* Resources */,
			);
			buildRules = (
			);
			dependencies = (
				D9C6BB6326094356008EC12B /* PBXTargetDependency */,
			);
			name = ParstagramTests;
			productName = ParstagramTests;
			productReference = D9C6BB6126094356008EC12B /* ParstagramTests.xctest */;
			productType = "com.apple.product-type.bundle.unit-test";
		};
		D9C6BB6B26094356008EC12B /* ParstagramUITests */ = {
			isa = PBXNativeTarget;
			buildConfigurationList = D9C6BB7B26094356008EC12B /* Build configuration list for PBXNativeTarget "ParstagramUITests" */;
			buildPhases = (
				28328271C56EA0A59F52C952 /* [CP] Check Pods Manifest.lock */,
				D9C6BB6826094356008EC12B /* Sources */,
				D9C6BB6926094356008EC12B /* Frameworks */,
				D9C6BB6A26094356008EC12B /* Resources */,
				0F52652AF8523DF44282F14A /* [CP] Embed Pods Frameworks */,
			);
			buildRules = (
			);
			dependencies = (
				D9C6BB6E26094356008EC12B /* PBXTargetDependency */,
			);
			name = ParstagramUITests;
			productName = ParstagramUITests;
			productReference = D9C6BB6C26094356008EC12B /* ParstagramUITests.xctest */;
			productType = "com.apple.product-type.bundle.ui-testing";
		};
/* End PBXNativeTarget section */

/* Begin PBXProject section */
		D9C6BB4326094354008EC12B /* Project object */ = {
			isa = PBXProject;
			attributes = {
				LastSwiftUpdateCheck = 1240;
				LastUpgradeCheck = 1240;
				TargetAttributes = {
					D9C6BB4A26094354008EC12B = {
						CreatedOnToolsVersion = 12.4;
					};
					D9C6BB6026094356008EC12B = {
						CreatedOnToolsVersion = 12.4;
						TestTargetID = D9C6BB4A26094354008EC12B;
					};
					D9C6BB6B26094356008EC12B = {
						CreatedOnToolsVersion = 12.4;
						TestTargetID = D9C6BB4A26094354008EC12B;
					};
				};
			};
			buildConfigurationList = D9C6BB4626094354008EC12B /* Build configuration list for PBXProject "Parstagram" */;
			compatibilityVersion = "Xcode 9.3";
			developmentRegion = en;
			hasScannedForEncodings = 0;
			knownRegions = (
				en,
				Base,
			);
			mainGroup = D9C6BB4226094354008EC12B;
			productRefGroup = D9C6BB4C26094354008EC12B /* Products */;
			projectDirPath = "";
			projectRoot = "";
			targets = (
				D9C6BB4A26094354008EC12B /* Parstagram */,
				D9C6BB6026094356008EC12B /* ParstagramTests */,
				D9C6BB6B26094356008EC12B /* ParstagramUITests */,
			);
		};
/* End PBXProject section */

/* Begin PBXResourcesBuildPhase section */
		D9C6BB4926094354008EC12B /* Resources */ = {
			isa = PBXResourcesBuildPhase;
			buildActionMask = 2147483647;
			files = (
				D9C6BB5B26094355008EC12B /* LaunchScreen.storyboard in Resources */,
				D9C6BB5826094355008EC12B /* Assets.xcassets in Resources */,
				D9C6BB5626094354008EC12B /* Main.storyboard in Resources */,
			);
			runOnlyForDeploymentPostprocessing = 0;
		};
		D9C6BB5F26094356008EC12B /* Resources */ = {
			isa = PBXResourcesBuildPhase;
			buildActionMask = 2147483647;
			files = (
			);
			runOnlyForDeploymentPostprocessing = 0;
		};
		D9C6BB6A26094356008EC12B /* Resources */ = {
			isa = PBXResourcesBuildPhase;
			buildActionMask = 2147483647;
			files = (
			);
			runOnlyForDeploymentPostprocessing = 0;
		};
/* End PBXResourcesBuildPhase section */

/* Begin PBXShellScriptBuildPhase section */
		0145CD1289E3E638F93858F3 /* [CP] Check Pods Manifest.lock */ = {
			isa = PBXShellScriptBuildPhase;
			buildActionMask = 2147483647;
			files = (
			);
			inputFileListPaths = (
			);
			inputPaths = (
				"${PODS_PODFILE_DIR_PATH}/Podfile.lock",
				"${PODS_ROOT}/Manifest.lock",
			);
			name = "[CP] Check Pods Manifest.lock";
			outputFileListPaths = (
			);
			outputPaths = (
				"$(DERIVED_FILE_DIR)/Pods-ParstagramTests-checkManifestLockResult.txt",
			);
			runOnlyForDeploymentPostprocessing = 0;
			shellPath = /bin/sh;
			shellScript = "diff \"${PODS_PODFILE_DIR_PATH}/Podfile.lock\" \"${PODS_ROOT}/Manifest.lock\" > /dev/null\nif [ $? != 0 ] ; then\n    # print error to STDERR\n    echo \"error: The sandbox is not in sync with the Podfile.lock. Run 'pod install' or update your CocoaPods installation.\" >&2\n    exit 1\nfi\n# This output is used by Xcode 'outputs' to avoid re-running this script phase.\necho \"SUCCESS\" > \"${SCRIPT_OUTPUT_FILE_0}\"\n";
			showEnvVarsInLog = 0;
		};
		0F52652AF8523DF44282F14A /* [CP] Embed Pods Frameworks */ = {
			isa = PBXShellScriptBuildPhase;
			buildActionMask = 2147483647;
			files = (
			);
			inputFileListPaths = (
				"${PODS_ROOT}/Target Support Files/Pods-Parstagram-ParstagramUITests/Pods-Parstagram-ParstagramUITests-frameworks-${CONFIGURATION}-input-files.xcfilelist",
			);
			name = "[CP] Embed Pods Frameworks";
			outputFileListPaths = (
				"${PODS_ROOT}/Target Support Files/Pods-Parstagram-ParstagramUITests/Pods-Parstagram-ParstagramUITests-frameworks-${CONFIGURATION}-output-files.xcfilelist",
			);
			runOnlyForDeploymentPostprocessing = 0;
			shellPath = /bin/sh;
			shellScript = "\"${PODS_ROOT}/Target Support Files/Pods-Parstagram-ParstagramUITests/Pods-Parstagram-ParstagramUITests-frameworks.sh\"\n";
			showEnvVarsInLog = 0;
		};
		28328271C56EA0A59F52C952 /* [CP] Check Pods Manifest.lock */ = {
			isa = PBXShellScriptBuildPhase;
			buildActionMask = 2147483647;
			files = (
			);
			inputFileListPaths = (
			);
			inputPaths = (
				"${PODS_PODFILE_DIR_PATH}/Podfile.lock",
				"${PODS_ROOT}/Manifest.lock",
			);
			name = "[CP] Check Pods Manifest.lock";
			outputFileListPaths = (
			);
			outputPaths = (
				"$(DERIVED_FILE_DIR)/Pods-Parstagram-ParstagramUITests-checkManifestLockResult.txt",
			);
			runOnlyForDeploymentPostprocessing = 0;
			shellPath = /bin/sh;
			shellScript = "diff \"${PODS_PODFILE_DIR_PATH}/Podfile.lock\" \"${PODS_ROOT}/Manifest.lock\" > /dev/null\nif [ $? != 0 ] ; then\n    # print error to STDERR\n    echo \"error: The sandbox is not in sync with the Podfile.lock. Run 'pod install' or update your CocoaPods installation.\" >&2\n    exit 1\nfi\n# This output is used by Xcode 'outputs' to avoid re-running this script phase.\necho \"SUCCESS\" > \"${SCRIPT_OUTPUT_FILE_0}\"\n";
			showEnvVarsInLog = 0;
		};
		595A5445D542A4515ECC9DCC /* [CP] Check Pods Manifest.lock */ = {
			isa = PBXShellScriptBuildPhase;
			buildActionMask = 2147483647;
			files = (
			);
			inputFileListPaths = (
			);
			inputPaths = (
				"${PODS_PODFILE_DIR_PATH}/Podfile.lock",
				"${PODS_ROOT}/Manifest.lock",
			);
			name = "[CP] Check Pods Manifest.lock";
			outputFileListPaths = (
			);
			outputPaths = (
				"$(DERIVED_FILE_DIR)/Pods-Parstagram-checkManifestLockResult.txt",
			);
			runOnlyForDeploymentPostprocessing = 0;
			shellPath = /bin/sh;
			shellScript = "diff \"${PODS_PODFILE_DIR_PATH}/Podfile.lock\" \"${PODS_ROOT}/Manifest.lock\" > /dev/null\nif [ $? != 0 ] ; then\n    # print error to STDERR\n    echo \"error: The sandbox is not in sync with the Podfile.lock. Run 'pod install' or update your CocoaPods installation.\" >&2\n    exit 1\nfi\n# This output is used by Xcode 'outputs' to avoid re-running this script phase.\necho \"SUCCESS\" > \"${SCRIPT_OUTPUT_FILE_0}\"\n";
			showEnvVarsInLog = 0;
		};
		E2D60B3DE419F09E9FD7BC12 /* [CP] Embed Pods Frameworks */ = {
			isa = PBXShellScriptBuildPhase;
			buildActionMask = 2147483647;
			files = (
			);
			inputFileListPaths = (
				"${PODS_ROOT}/Target Support Files/Pods-Parstagram/Pods-Parstagram-frameworks-${CONFIGURATION}-input-files.xcfilelist",
			);
			name = "[CP] Embed Pods Frameworks";
			outputFileListPaths = (
				"${PODS_ROOT}/Target Support Files/Pods-Parstagram/Pods-Parstagram-frameworks-${CONFIGURATION}-output-files.xcfilelist",
			);
			runOnlyForDeploymentPostprocessing = 0;
			shellPath = /bin/sh;
			shellScript = "\"${PODS_ROOT}/Target Support Files/Pods-Parstagram/Pods-Parstagram-frameworks.sh\"\n";
			showEnvVarsInLog = 0;
		};
/* End PBXShellScriptBuildPhase section */

/* Begin PBXSourcesBuildPhase section */
		D9C6BB4726094354008EC12B /* Sources */ = {
			isa = PBXSourcesBuildPhase;
			buildActionMask = 2147483647;
			files = (
				D9C6BB9126095C25008EC12B /* LoginViewController.swift in Sources */,
				D9C6BB9B26096B51008EC12B /* CameraViewController.swift in Sources */,
				D9C6BB4F26094354008EC12B /* AppDelegate.swift in Sources */,
				D9C6BB9626095C32008EC12B /* FeedViewController.swift in Sources */,
				D9C6BB5126094354008EC12B /* SceneDelegate.swift in Sources */,
				D9C6BBAB260BB8BA008EC12B /* PostCell.swift in Sources */,
			);
			runOnlyForDeploymentPostprocessing = 0;
		};
		D9C6BB5D26094356008EC12B /* Sources */ = {
			isa = PBXSourcesBuildPhase;
			buildActionMask = 2147483647;
			files = (
				D9C6BB6626094356008EC12B /* ParstagramTests.swift in Sources */,
			);
			runOnlyForDeploymentPostprocessing = 0;
		};
		D9C6BB6826094356008EC12B /* Sources */ = {
			isa = PBXSourcesBuildPhase;
			buildActionMask = 2147483647;
			files = (
				D9C6BB7126094356008EC12B /* ParstagramUITests.swift in Sources */,
			);
			runOnlyForDeploymentPostprocessing = 0;
		};
/* End PBXSourcesBuildPhase section */

/* Begin PBXTargetDependency section */
		D9C6BB6326094356008EC12B /* PBXTargetDependency */ = {
			isa = PBXTargetDependency;
			target = D9C6BB4A26094354008EC12B /* Parstagram */;
			targetProxy = D9C6BB6226094356008EC12B /* PBXContainerItemProxy */;
		};
		D9C6BB6E26094356008EC12B /* PBXTargetDependency */ = {
			isa = PBXTargetDependency;
			target = D9C6BB4A26094354008EC12B /* Parstagram */;
			targetProxy = D9C6BB6D26094356008EC12B /* PBXContainerItemProxy */;
		};
/* End PBXTargetDependency section */

/* Begin PBXVariantGroup section */
		D9C6BB5426094354008EC12B /* Main.storyboard */ = {
			isa = PBXVariantGroup;
			children = (
				D9C6BB5526094354008EC12B /* Base */,
			);
			name = Main.storyboard;
			sourceTree = "<group>";
		};
		D9C6BB5926094355008EC12B /* LaunchScreen.storyboard */ = {
			isa = PBXVariantGroup;
			children = (
				D9C6BB5A26094355008EC12B /* Base */,
			);
			name = LaunchScreen.storyboard;
			sourceTree = "<group>";
		};
/* End PBXVariantGroup section */

/* Begin XCBuildConfiguration section */
		D9C6BB7326094356008EC12B /* Debug */ = {
			isa = XCBuildConfiguration;
			buildSettings = {
				ALWAYS_SEARCH_USER_PATHS = NO;
				CLANG_ANALYZER_NONNULL = YES;
				CLANG_ANALYZER_NUMBER_OBJECT_CONVERSION = YES_AGGRESSIVE;
				CLANG_CXX_LANGUAGE_STANDARD = "gnu++14";
				CLANG_CXX_LIBRARY = "libc++";
				CLANG_ENABLE_MODULES = YES;
				CLANG_ENABLE_OBJC_ARC = YES;
				CLANG_ENABLE_OBJC_WEAK = YES;
				CLANG_WARN_BLOCK_CAPTURE_AUTORELEASING = YES;
				CLANG_WARN_BOOL_CONVERSION = YES;
				CLANG_WARN_COMMA = YES;
				CLANG_WARN_CONSTANT_CONVERSION = YES;
				CLANG_WARN_DEPRECATED_OBJC_IMPLEMENTATIONS = YES;
				CLANG_WARN_DIRECT_OBJC_ISA_USAGE = YES_ERROR;
				CLANG_WARN_DOCUMENTATION_COMMENTS = YES;
				CLANG_WARN_EMPTY_BODY = YES;
				CLANG_WARN_ENUM_CONVERSION = YES;
				CLANG_WARN_INFINITE_RECURSION = YES;
				CLANG_WARN_INT_CONVERSION = YES;
				CLANG_WARN_NON_LITERAL_NULL_CONVERSION = YES;
				CLANG_WARN_OBJC_IMPLICIT_RETAIN_SELF = YES;
				CLANG_WARN_OBJC_LITERAL_CONVERSION = YES;
				CLANG_WARN_OBJC_ROOT_CLASS = YES_ERROR;
				CLANG_WARN_QUOTED_INCLUDE_IN_FRAMEWORK_HEADER = YES;
				CLANG_WARN_RANGE_LOOP_ANALYSIS = YES;
				CLANG_WARN_STRICT_PROTOTYPES = YES;
				CLANG_WARN_SUSPICIOUS_MOVE = YES;
				CLANG_WARN_UNGUARDED_AVAILABILITY = YES_AGGRESSIVE;
				CLANG_WARN_UNREACHABLE_CODE = YES;
				CLANG_WARN__DUPLICATE_METHOD_MATCH = YES;
				COPY_PHASE_STRIP = NO;
				DEBUG_INFORMATION_FORMAT = dwarf;
				ENABLE_STRICT_OBJC_MSGSEND = YES;
				ENABLE_TESTABILITY = YES;
				GCC_C_LANGUAGE_STANDARD = gnu11;
				GCC_DYNAMIC_NO_PIC = NO;
				GCC_NO_COMMON_BLOCKS = YES;
				GCC_OPTIMIZATION_LEVEL = 0;
				GCC_PREPROCESSOR_DEFINITIONS = (
					"DEBUG=1",
					"$(inherited)",
				);
				GCC_WARN_64_TO_32_BIT_CONVERSION = YES;
				GCC_WARN_ABOUT_RETURN_TYPE = YES_ERROR;
				GCC_WARN_UNDECLARED_SELECTOR = YES;
				GCC_WARN_UNINITIALIZED_AUTOS = YES_AGGRESSIVE;
				GCC_WARN_UNUSED_FUNCTION = YES;
				GCC_WARN_UNUSED_VARIABLE = YES;
				IPHONEOS_DEPLOYMENT_TARGET = 14.4;
				MTL_ENABLE_DEBUG_INFO = INCLUDE_SOURCE;
				MTL_FAST_MATH = YES;
				ONLY_ACTIVE_ARCH = YES;
				SDKROOT = iphoneos;
				SWIFT_ACTIVE_COMPILATION_CONDITIONS = DEBUG;
				SWIFT_OPTIMIZATION_LEVEL = "-Onone";
			};
			name = Debug;
		};
		D9C6BB7426094356008EC12B /* Release */ = {
			isa = XCBuildConfiguration;
			buildSettings = {
				ALWAYS_SEARCH_USER_PATHS = NO;
				CLANG_ANALYZER_NONNULL = YES;
				CLANG_ANALYZER_NUMBER_OBJECT_CONVERSION = YES_AGGRESSIVE;
				CLANG_CXX_LANGUAGE_STANDARD = "gnu++14";
				CLANG_CXX_LIBRARY = "libc++";
				CLANG_ENABLE_MODULES = YES;
				CLANG_ENABLE_OBJC_ARC = YES;
				CLANG_ENABLE_OBJC_WEAK = YES;
				CLANG_WARN_BLOCK_CAPTURE_AUTORELEASING = YES;
				CLANG_WARN_BOOL_CONVERSION = YES;
				CLANG_WARN_COMMA = YES;
				CLANG_WARN_CONSTANT_CONVERSION = YES;
				CLANG_WARN_DEPRECATED_OBJC_IMPLEMENTATIONS = YES;
				CLANG_WARN_DIRECT_OBJC_ISA_USAGE = YES_ERROR;
				CLANG_WARN_DOCUMENTATION_COMMENTS = YES;
				CLANG_WARN_EMPTY_BODY = YES;
				CLANG_WARN_ENUM_CONVERSION = YES;
				CLANG_WARN_INFINITE_RECURSION = YES;
				CLANG_WARN_INT_CONVERSION = YES;
				CLANG_WARN_NON_LITERAL_NULL_CONVERSION = YES;
				CLANG_WARN_OBJC_IMPLICIT_RETAIN_SELF = YES;
				CLANG_WARN_OBJC_LITERAL_CONVERSION = YES;
				CLANG_WARN_OBJC_ROOT_CLASS = YES_ERROR;
				CLANG_WARN_QUOTED_INCLUDE_IN_FRAMEWORK_HEADER = YES;
				CLANG_WARN_RANGE_LOOP_ANALYSIS = YES;
				CLANG_WARN_STRICT_PROTOTYPES = YES;
				CLANG_WARN_SUSPICIOUS_MOVE = YES;
				CLANG_WARN_UNGUARDED_AVAILABILITY = YES_AGGRESSIVE;
				CLANG_WARN_UNREACHABLE_CODE = YES;
				CLANG_WARN__DUPLICATE_METHOD_MATCH = YES;
				COPY_PHASE_STRIP = NO;
				DEBUG_INFORMATION_FORMAT = "dwarf-with-dsym";
				ENABLE_NS_ASSERTIONS = NO;
				ENABLE_STRICT_OBJC_MSGSEND = YES;
				GCC_C_LANGUAGE_STANDARD = gnu11;
				GCC_NO_COMMON_BLOCKS = YES;
				GCC_WARN_64_TO_32_BIT_CONVERSION = YES;
				GCC_WARN_ABOUT_RETURN_TYPE = YES_ERROR;
				GCC_WARN_UNDECLARED_SELECTOR = YES;
				GCC_WARN_UNINITIALIZED_AUTOS = YES_AGGRESSIVE;
				GCC_WARN_UNUSED_FUNCTION = YES;
				GCC_WARN_UNUSED_VARIABLE = YES;
				IPHONEOS_DEPLOYMENT_TARGET = 14.4;
				MTL_ENABLE_DEBUG_INFO = NO;
				MTL_FAST_MATH = YES;
				SDKROOT = iphoneos;
				SWIFT_COMPILATION_MODE = wholemodule;
				SWIFT_OPTIMIZATION_LEVEL = "-O";
				VALIDATE_PRODUCT = YES;
			};
			name = Release;
		};
		D9C6BB7626094356008EC12B /* Debug */ = {
			isa = XCBuildConfiguration;
			baseConfigurationReference = 4A81A7B18DB065CD71266287 /* Pods-Parstagram.debug.xcconfig */;
			buildSettings = {
				ASSETCATALOG_COMPILER_APPICON_NAME = AppIcon;
				ASSETCATALOG_COMPILER_GLOBAL_ACCENT_COLOR_NAME = AccentColor;
				CODE_SIGN_STYLE = Automatic;
				DEVELOPMENT_TEAM = 6W77YYJ8BP;
				INFOPLIST_FILE = Parstagram/Info.plist;
				LD_RUNPATH_SEARCH_PATHS = (
					"$(inherited)",
					"@executable_path/Frameworks",
				);
				PRODUCT_BUNDLE_IDENTIFIER = polidora2k.Parstagram;
				PRODUCT_NAME = "$(TARGET_NAME)";
				SWIFT_VERSION = 5.0;
				TARGETED_DEVICE_FAMILY = "1,2";
			};
			name = Debug;
		};
		D9C6BB7726094356008EC12B /* Release */ = {
			isa = XCBuildConfiguration;
			baseConfigurationReference = CF5D34C0027F3B4CE8FE3F4E /* Pods-Parstagram.release.xcconfig */;
			buildSettings = {
				ASSETCATALOG_COMPILER_APPICON_NAME = AppIcon;
				ASSETCATALOG_COMPILER_GLOBAL_ACCENT_COLOR_NAME = AccentColor;
				CODE_SIGN_STYLE = Automatic;
				DEVELOPMENT_TEAM = 6W77YYJ8BP;
				INFOPLIST_FILE = Parstagram/Info.plist;
				LD_RUNPATH_SEARCH_PATHS = (
					"$(inherited)",
					"@executable_path/Frameworks",
				);
				PRODUCT_BUNDLE_IDENTIFIER = polidora2k.Parstagram;
				PRODUCT_NAME = "$(TARGET_NAME)";
				SWIFT_VERSION = 5.0;
				TARGETED_DEVICE_FAMILY = "1,2";
			};
			name = Release;
		};
		D9C6BB7926094356008EC12B /* Debug */ = {
			isa = XCBuildConfiguration;
			baseConfigurationReference = DDB14AC8DE79699E981AF4D4 /* Pods-ParstagramTests.debug.xcconfig */;
			buildSettings = {
				ALWAYS_EMBED_SWIFT_STANDARD_LIBRARIES = YES;
				BUNDLE_LOADER = "$(TEST_HOST)";
				CODE_SIGN_STYLE = Automatic;
				DEVELOPMENT_TEAM = 6W77YYJ8BP;
				INFOPLIST_FILE = ParstagramTests/Info.plist;
				IPHONEOS_DEPLOYMENT_TARGET = 14.4;
				LD_RUNPATH_SEARCH_PATHS = (
					"$(inherited)",
					"@executable_path/Frameworks",
					"@loader_path/Frameworks",
				);
				PRODUCT_BUNDLE_IDENTIFIER = polidora2k.ParstagramTests;
				PRODUCT_NAME = "$(TARGET_NAME)";
				SWIFT_VERSION = 5.0;
				TARGETED_DEVICE_FAMILY = "1,2";
				TEST_HOST = "$(BUILT_PRODUCTS_DIR)/Parstagram.app/Parstagram";
			};
			name = Debug;
		};
		D9C6BB7A26094356008EC12B /* Release */ = {
			isa = XCBuildConfiguration;
			baseConfigurationReference = 878F48272D8391F223BBB147 /* Pods-ParstagramTests.release.xcconfig */;
			buildSettings = {
				ALWAYS_EMBED_SWIFT_STANDARD_LIBRARIES = YES;
				BUNDLE_LOADER = "$(TEST_HOST)";
				CODE_SIGN_STYLE = Automatic;
				DEVELOPMENT_TEAM = 6W77YYJ8BP;
				INFOPLIST_FILE = ParstagramTests/Info.plist;
				IPHONEOS_DEPLOYMENT_TARGET = 14.4;
				LD_RUNPATH_SEARCH_PATHS = (
					"$(inherited)",
					"@executable_path/Frameworks",
					"@loader_path/Frameworks",
				);
				PRODUCT_BUNDLE_IDENTIFIER = polidora2k.ParstagramTests;
				PRODUCT_NAME = "$(TARGET_NAME)";
				SWIFT_VERSION = 5.0;
				TARGETED_DEVICE_FAMILY = "1,2";
				TEST_HOST = "$(BUILT_PRODUCTS_DIR)/Parstagram.app/Parstagram";
			};
			name = Release;
		};
		D9C6BB7C26094356008EC12B /* Debug */ = {
			isa = XCBuildConfiguration;
			baseConfigurationReference = 3F6D47C2D29588DBE6725D45 /* Pods-Parstagram-ParstagramUITests.debug.xcconfig */;
			buildSettings = {
				ALWAYS_EMBED_SWIFT_STANDARD_LIBRARIES = YES;
				CODE_SIGN_STYLE = Automatic;
				DEVELOPMENT_TEAM = 6W77YYJ8BP;
				INFOPLIST_FILE = ParstagramUITests/Info.plist;
				LD_RUNPATH_SEARCH_PATHS = (
					"$(inherited)",
					"@executable_path/Frameworks",
					"@loader_path/Frameworks",
				);
				PRODUCT_BUNDLE_IDENTIFIER = polidora2k.ParstagramUITests;
				PRODUCT_NAME = "$(TARGET_NAME)";
				SWIFT_VERSION = 5.0;
				TARGETED_DEVICE_FAMILY = "1,2";
				TEST_TARGET_NAME = Parstagram;
			};
			name = Debug;
		};
		D9C6BB7D26094356008EC12B /* Release */ = {
			isa = XCBuildConfiguration;
			baseConfigurationReference = 67281E97D383741DD59C106F /* Pods-Parstagram-ParstagramUITests.release.xcconfig */;
			buildSettings = {
				ALWAYS_EMBED_SWIFT_STANDARD_LIBRARIES = YES;
				CODE_SIGN_STYLE = Automatic;
				DEVELOPMENT_TEAM = 6W77YYJ8BP;
				INFOPLIST_FILE = ParstagramUITests/Info.plist;
				LD_RUNPATH_SEARCH_PATHS = (
					"$(inherited)",
					"@executable_path/Frameworks",
					"@loader_path/Frameworks",
				);
				PRODUCT_BUNDLE_IDENTIFIER = polidora2k.ParstagramUITests;
				PRODUCT_NAME = "$(TARGET_NAME)";
				SWIFT_VERSION = 5.0;
				TARGETED_DEVICE_FAMILY = "1,2";
				TEST_TARGET_NAME = Parstagram;
			};
			name = Release;
		};
/* End XCBuildConfiguration section */

/* Begin XCConfigurationList section */
		D9C6BB4626094354008EC12B /* Build configuration list for PBXProject "Parstagram" */ = {
			isa = XCConfigurationList;
			buildConfigurations = (
				D9C6BB7326094356008EC12B /* Debug */,
				D9C6BB7426094356008EC12B /* Release */,
			);
			defaultConfigurationIsVisible = 0;
			defaultConfigurationName = Release;
		};
		D9C6BB7526094356008EC12B /* Build configuration list for PBXNativeTarget "Parstagram" */ = {
			isa = XCConfigurationList;
			buildConfigurations = (
				D9C6BB7626094356008EC12B /* Debug */,
				D9C6BB7726094356008EC12B /* Release */,
			);
			defaultConfigurationIsVisible = 0;
			defaultConfigurationName = Release;
		};
		D9C6BB7826094356008EC12B /* Build configuration list for PBXNativeTarget "ParstagramTests" */ = {
			isa = XCConfigurationList;
			buildConfigurations = (
				D9C6BB7926094356008EC12B /* Debug */,
				D9C6BB7A26094356008EC12B /* Release */,
			);
			defaultConfigurationIsVisible = 0;
			defaultConfigurationName = Release;
		};
		D9C6BB7B26094356008EC12B /* Build configuration list for PBXNativeTarget "ParstagramUITests" */ = {
			isa = XCConfigurationList;
			buildConfigurations = (
				D9C6BB7C26094356008EC12B /* Debug */,
				D9C6BB7D26094356008EC12B /* Release */,
			);
			defaultConfigurationIsVisible = 0;
			defaultConfigurationName = Release;
		};
/* End XCConfigurationList section */
	};
	rootObject = D9C6BB4326094354008EC12B /* Project object */;
}
